
Microsoft Visual Studio Solution File, Format Version 12.00
# Visual Studio Version 16
VisualStudioVersion = 16.0.30523.141
MinimumVisualStudioVersion = 10.0.40219.1
Project("{2150E333-8FDC-42A3-9474-1A3956D46DE8}") = "1.Logic", "1.Logic", "{0613F625-9DBA-4F24-8869-5A41F4B57973}"
EndProject
Project("{2150E333-8FDC-42A3-9474-1A3956D46DE8}") = "4.Tests", "4.Tests", "{2C61BE28-D178-4B16-AEC4-E144803A871E}"
EndProject
Project("{2150E333-8FDC-42A3-9474-1A3956D46DE8}") = "5.SampleSolutions", "5.SampleSolutions", "{FC314E9D-E36F-460C-949E-9556D2D3451E}"
EndProject
Project("{9A19103F-16F7-4668-BE54-9A1E7A4F7556}") = "Sample.Core.MSTest.Tests", "tests\Sample.Core.MSTest.Tests\Sample.Core.MSTest.Tests.csproj", "{219A1871-A079-4AE9-BE52-00088B9C5D7A}"
EndProject
Project("{9A19103F-16F7-4668-BE54-9A1E7A4F7556}") = "Frameworks.MSTest", "src\Frameworks.MSTest\Frameworks.MSTest.csproj", "{FB4326A8-C542-416B-9CCF-72026E00868A}"
EndProject
Project("{9A19103F-16F7-4668-BE54-9A1E7A4F7556}") = "Frameworks.MSTest.Tests", "tests\Frameworks.MSTest.Tests\Frameworks.MSTest.Tests.csproj", "{7FFB0F7D-5408-4990-9100-E0DFE4835F01}"
EndProject
Project("{9A19103F-16F7-4668-BE54-9A1E7A4F7556}") = "Frameworks.NUnit", "src\Frameworks.NUnit\Frameworks.NUnit.csproj", "{B7B91F0A-B06A-48B5-96BF-8E55312B9CCE}"
EndProject
Project("{9A19103F-16F7-4668-BE54-9A1E7A4F7556}") = "Sample.Core.NUnit.Tests", "tests\Sample.Core.NUnit.Tests\Sample.Core.NUnit.Tests.csproj", "{720FB59B-288C-4809-BAC7-E839D87190FA}"
EndProject
Project("{2150E333-8FDC-42A3-9474-1A3956D46DE8}") = "2.Frameworks", "2.Frameworks", "{CDC9E680-83AA-4670-AF5D-FD3504EEADB0}"
EndProject
Project("{2150E333-8FDC-42A3-9474-1A3956D46DE8}") = "6.SampleSolutionsNuget", "6.SampleSolutionsNuget", "{B5A41050-89AD-40F3-8220-116D1042A0A1}"
EndProject
Project("{9A19103F-16F7-4668-BE54-9A1E7A4F7556}") = "Sample.Core.MSTest.Nuget.Tests", "tests\Sample.Core.MSTest.Nuget.Tests\Sample.Core.MSTest.Nuget.Tests.csproj", "{F21804F3-CC3A-4F18-9EBE-D947D40193D0}"
EndProject
Project("{2150E333-8FDC-42A3-9474-1A3956D46DE8}") = "2.Databases", "2.Databases", "{414B269E-6A51-4800-B92B-0271C8139441}"
EndProject
Project("{9A19103F-16F7-4668-BE54-9A1E7A4F7556}") = "Databases.SQLServer", "src\Databases.SQLServer\Databases.SQLServer.csproj", "{0252E888-A388-4BFC-895C-34A0F614E0ED}"
EndProject
Project("{9A19103F-16F7-4668-BE54-9A1E7A4F7556}") = "Core", "src\Core\Core.csproj", "{954838CF-436B-4BD9-906B-8B93772ACBA6}"
EndProject
Project("{9A19103F-16F7-4668-BE54-9A1E7A4F7556}") = "Core.Tests", "tests\Core.Tests\Core.Tests.csproj", "{D323A111-C3F9-4C06-9585-76DB8F7DA8CE}"
EndProject
Project("{9A19103F-16F7-4668-BE54-9A1E7A4F7556}") = "Databases.SQLServer.Tests", "tests\Databases.SQLServer.Tests\Databases.SQLServer.Tests.csproj", "{D4E0674D-AFC5-4CA7-9321-F29AFADB6626}"
EndProject
Project("{2150E333-8FDC-42A3-9474-1A3956D46DE8}") = "3.Packages", "3.Packages", "{2638F6A0-CC65-46E8-8FD6-0E50ECF6242C}"
EndProject
Project("{9A19103F-16F7-4668-BE54-9A1E7A4F7556}") = "Packages.SQLServer.MSTest", "src\Packages.SQLServer.MSTest\Packages.SQLServer.MSTest.csproj", "{E71810C3-A47F-4BDD-A73D-CCC930345038}"
EndProject
Project("{9A19103F-16F7-4668-BE54-9A1E7A4F7556}") = "Packages.SQLServer.NUnit", "src\Packages.SQLServer.NUnit\Packages.SQLServer.NUnit.csproj", "{B6C38BFC-8B07-462B-A94D-45EE299A4E8D}"
EndProject
Project("{2150E333-8FDC-42A3-9474-1A3956D46DE8}") = "0.Tools", "0.Tools", "{068FCD6B-9DA6-4AEB-93E8-B019867278EE}"
EndProject
Project("{9A19103F-16F7-4668-BE54-9A1E7A4F7556}") = "TemplateGeneration", "tools\TemplateGeneration.SQLServer\TemplateGeneration.csproj", "{5FC9A8DE-85E4-455F-9DB3-97BC00937A2E}"
EndProject
Project("{9A19103F-16F7-4668-BE54-9A1E7A4F7556}") = "Sample.MSTest.Northwind.Tests", "tests\Sample.MSTest.Northwind.Tests\Sample.MSTest.Northwind.Tests.csproj", "{C0982F5D-57A2-49DD-B19D-0BE690BF80B3}"
EndProject
Project("{9A19103F-16F7-4668-BE54-9A1E7A4F7556}") = "Sample.NUnit.Northwind.Tests", "tests\Sample.NUnit.Northwind.Tests\Sample.NUnit.Northwind.Tests.csproj", "{E2C004ED-60B9-4C3A-BCD5-2ACD19FEB0BE}"
EndProject
Project("{FAE04EC0-301F-11D3-BF4B-00C04F79EFBC}") = "TemplateGeneration.Tests", "tests\TemplateGeneration.Tests\TemplateGeneration.Tests.csproj", "{D3118EF1-A158-40B2-9D55-80A68BE7C8EA}"
EndProject
Global
	GlobalSection(SolutionConfigurationPlatforms) = preSolution
		Debug|Any CPU = Debug|Any CPU
		Release|Any CPU = Release|Any CPU
	EndGlobalSection
	GlobalSection(ProjectConfigurationPlatforms) = postSolution
		{219A1871-A079-4AE9-BE52-00088B9C5D7A}.Debug|Any CPU.ActiveCfg = Debug|Any CPU
		{219A1871-A079-4AE9-BE52-00088B9C5D7A}.Debug|Any CPU.Build.0 = Debug|Any CPU
		{219A1871-A079-4AE9-BE52-00088B9C5D7A}.Release|Any CPU.ActiveCfg = Release|Any CPU
		{219A1871-A079-4AE9-BE52-00088B9C5D7A}.Release|Any CPU.Build.0 = Release|Any CPU
		{FB4326A8-C542-416B-9CCF-72026E00868A}.Debug|Any CPU.ActiveCfg = Debug|Any CPU
		{FB4326A8-C542-416B-9CCF-72026E00868A}.Debug|Any CPU.Build.0 = Debug|Any CPU
		{FB4326A8-C542-416B-9CCF-72026E00868A}.Release|Any CPU.ActiveCfg = Release|Any CPU
		{FB4326A8-C542-416B-9CCF-72026E00868A}.Release|Any CPU.Build.0 = Release|Any CPU
		{7FFB0F7D-5408-4990-9100-E0DFE4835F01}.Debug|Any CPU.ActiveCfg = Debug|Any CPU
		{7FFB0F7D-5408-4990-9100-E0DFE4835F01}.Debug|Any CPU.Build.0 = Debug|Any CPU
		{7FFB0F7D-5408-4990-9100-E0DFE4835F01}.Release|Any CPU.ActiveCfg = Release|Any CPU
		{7FFB0F7D-5408-4990-9100-E0DFE4835F01}.Release|Any CPU.Build.0 = Release|Any CPU
		{B7B91F0A-B06A-48B5-96BF-8E55312B9CCE}.Debug|Any CPU.ActiveCfg = Debug|Any CPU
		{B7B91F0A-B06A-48B5-96BF-8E55312B9CCE}.Debug|Any CPU.Build.0 = Debug|Any CPU
		{B7B91F0A-B06A-48B5-96BF-8E55312B9CCE}.Release|Any CPU.ActiveCfg = Release|Any CPU
		{B7B91F0A-B06A-48B5-96BF-8E55312B9CCE}.Release|Any CPU.Build.0 = Release|Any CPU
		{720FB59B-288C-4809-BAC7-E839D87190FA}.Debug|Any CPU.ActiveCfg = Debug|Any CPU
		{720FB59B-288C-4809-BAC7-E839D87190FA}.Debug|Any CPU.Build.0 = Debug|Any CPU
		{720FB59B-288C-4809-BAC7-E839D87190FA}.Release|Any CPU.ActiveCfg = Release|Any CPU
		{720FB59B-288C-4809-BAC7-E839D87190FA}.Release|Any CPU.Build.0 = Release|Any CPU
		{F21804F3-CC3A-4F18-9EBE-D947D40193D0}.Debug|Any CPU.ActiveCfg = Debug|Any CPU
		{F21804F3-CC3A-4F18-9EBE-D947D40193D0}.Debug|Any CPU.Build.0 = Debug|Any CPU
		{F21804F3-CC3A-4F18-9EBE-D947D40193D0}.Release|Any CPU.ActiveCfg = Release|Any CPU
		{F21804F3-CC3A-4F18-9EBE-D947D40193D0}.Release|Any CPU.Build.0 = Release|Any CPU
		{0252E888-A388-4BFC-895C-34A0F614E0ED}.Debug|Any CPU.ActiveCfg = Debug|Any CPU
		{0252E888-A388-4BFC-895C-34A0F614E0ED}.Debug|Any CPU.Build.0 = Debug|Any CPU
		{0252E888-A388-4BFC-895C-34A0F614E0ED}.Release|Any CPU.ActiveCfg = Release|Any CPU
		{0252E888-A388-4BFC-895C-34A0F614E0ED}.Release|Any CPU.Build.0 = Release|Any CPU
		{954838CF-436B-4BD9-906B-8B93772ACBA6}.Debug|Any CPU.ActiveCfg = Debug|Any CPU
		{954838CF-436B-4BD9-906B-8B93772ACBA6}.Debug|Any CPU.Build.0 = Debug|Any CPU
		{954838CF-436B-4BD9-906B-8B93772ACBA6}.Release|Any CPU.ActiveCfg = Release|Any CPU
		{954838CF-436B-4BD9-906B-8B93772ACBA6}.Release|Any CPU.Build.0 = Release|Any CPU
		{D323A111-C3F9-4C06-9585-76DB8F7DA8CE}.Debug|Any CPU.ActiveCfg = Debug|Any CPU
		{D323A111-C3F9-4C06-9585-76DB8F7DA8CE}.Debug|Any CPU.Build.0 = Debug|Any CPU
		{D323A111-C3F9-4C06-9585-76DB8F7DA8CE}.Release|Any CPU.ActiveCfg = Release|Any CPU
		{D323A111-C3F9-4C06-9585-76DB8F7DA8CE}.Release|Any CPU.Build.0 = Release|Any CPU
		{D4E0674D-AFC5-4CA7-9321-F29AFADB6626}.Debug|Any CPU.ActiveCfg = Debug|Any CPU
		{D4E0674D-AFC5-4CA7-9321-F29AFADB6626}.Debug|Any CPU.Build.0 = Debug|Any CPU
		{D4E0674D-AFC5-4CA7-9321-F29AFADB6626}.Release|Any CPU.ActiveCfg = Release|Any CPU
		{D4E0674D-AFC5-4CA7-9321-F29AFADB6626}.Release|Any CPU.Build.0 = Release|Any CPU
		{E71810C3-A47F-4BDD-A73D-CCC930345038}.Debug|Any CPU.ActiveCfg = Debug|Any CPU
		{E71810C3-A47F-4BDD-A73D-CCC930345038}.Debug|Any CPU.Build.0 = Debug|Any CPU
		{E71810C3-A47F-4BDD-A73D-CCC930345038}.Release|Any CPU.ActiveCfg = Release|Any CPU
		{E71810C3-A47F-4BDD-A73D-CCC930345038}.Release|Any CPU.Build.0 = Release|Any CPU
		{B6C38BFC-8B07-462B-A94D-45EE299A4E8D}.Debug|Any CPU.ActiveCfg = Debug|Any CPU
		{B6C38BFC-8B07-462B-A94D-45EE299A4E8D}.Debug|Any CPU.Build.0 = Debug|Any CPU
		{B6C38BFC-8B07-462B-A94D-45EE299A4E8D}.Release|Any CPU.ActiveCfg = Release|Any CPU
		{B6C38BFC-8B07-462B-A94D-45EE299A4E8D}.Release|Any CPU.Build.0 = Release|Any CPU
		{5FC9A8DE-85E4-455F-9DB3-97BC00937A2E}.Debug|Any CPU.ActiveCfg = Debug|Any CPU
		{5FC9A8DE-85E4-455F-9DB3-97BC00937A2E}.Debug|Any CPU.Build.0 = Debug|Any CPU
		{5FC9A8DE-85E4-455F-9DB3-97BC00937A2E}.Release|Any CPU.ActiveCfg = Release|Any CPU
		{5FC9A8DE-85E4-455F-9DB3-97BC00937A2E}.Release|Any CPU.Build.0 = Release|Any CPU
		{C0982F5D-57A2-49DD-B19D-0BE690BF80B3}.Debug|Any CPU.ActiveCfg = Debug|Any CPU
		{C0982F5D-57A2-49DD-B19D-0BE690BF80B3}.Debug|Any CPU.Build.0 = Debug|Any CPU
		{C0982F5D-57A2-49DD-B19D-0BE690BF80B3}.Release|Any CPU.ActiveCfg = Release|Any CPU
		{C0982F5D-57A2-49DD-B19D-0BE690BF80B3}.Release|Any CPU.Build.0 = Release|Any CPU
		{E2C004ED-60B9-4C3A-BCD5-2ACD19FEB0BE}.Debug|Any CPU.ActiveCfg = Debug|Any CPU
		{E2C004ED-60B9-4C3A-BCD5-2ACD19FEB0BE}.Debug|Any CPU.Build.0 = Debug|Any CPU
		{E2C004ED-60B9-4C3A-BCD5-2ACD19FEB0BE}.Release|Any CPU.ActiveCfg = Release|Any CPU
		{E2C004ED-60B9-4C3A-BCD5-2ACD19FEB0BE}.Release|Any CPU.Build.0 = Release|Any CPU
		{D3118EF1-A158-40B2-9D55-80A68BE7C8EA}.Debug|Any CPU.ActiveCfg = Debug|Any CPU
		{D3118EF1-A158-40B2-9D55-80A68BE7C8EA}.Debug|Any CPU.Build.0 = Debug|Any CPU
		{D3118EF1-A158-40B2-9D55-80A68BE7C8EA}.Release|Any CPU.ActiveCfg = Release|Any CPU
		{D3118EF1-A158-40B2-9D55-80A68BE7C8EA}.Release|Any CPU.Build.0 = Release|Any CPU
	EndGlobalSection
	GlobalSection(SolutionProperties) = preSolution
		HideSolutionNode = FALSE
	EndGlobalSection
	GlobalSection(NestedProjects) = preSolution
		{219A1871-A079-4AE9-BE52-00088B9C5D7A} = {FC314E9D-E36F-460C-949E-9556D2D3451E}
		{FB4326A8-C542-416B-9CCF-72026E00868A} = {CDC9E680-83AA-4670-AF5D-FD3504EEADB0}
		{7FFB0F7D-5408-4990-9100-E0DFE4835F01} = {2C61BE28-D178-4B16-AEC4-E144803A871E}
		{B7B91F0A-B06A-48B5-96BF-8E55312B9CCE} = {CDC9E680-83AA-4670-AF5D-FD3504EEADB0}
		{720FB59B-288C-4809-BAC7-E839D87190FA} = {FC314E9D-E36F-460C-949E-9556D2D3451E}
		{F21804F3-CC3A-4F18-9EBE-D947D40193D0} = {B5A41050-89AD-40F3-8220-116D1042A0A1}
		{0252E888-A388-4BFC-895C-34A0F614E0ED} = {414B269E-6A51-4800-B92B-0271C8139441}
		{954838CF-436B-4BD9-906B-8B93772ACBA6} = {0613F625-9DBA-4F24-8869-5A41F4B57973}
		{D323A111-C3F9-4C06-9585-76DB8F7DA8CE} = {2C61BE28-D178-4B16-AEC4-E144803A871E}
		{D4E0674D-AFC5-4CA7-9321-F29AFADB6626} = {2C61BE28-D178-4B16-AEC4-E144803A871E}
		{E71810C3-A47F-4BDD-A73D-CCC930345038} = {2638F6A0-CC65-46E8-8FD6-0E50ECF6242C}
		{B6C38BFC-8B07-462B-A94D-45EE299A4E8D} = {2638F6A0-CC65-46E8-8FD6-0E50ECF6242C}
		{5FC9A8DE-85E4-455F-9DB3-97BC00937A2E} = {068FCD6B-9DA6-4AEB-93E8-B019867278EE}
		{C0982F5D-57A2-49DD-B19D-0BE690BF80B3} = {B5A41050-89AD-40F3-8220-116D1042A0A1}
		{E2C004ED-60B9-4C3A-BCD5-2ACD19FEB0BE} = {B5A41050-89AD-40F3-8220-116D1042A0A1}
		{D3118EF1-A158-40B2-9D55-80A68BE7C8EA} = {2C61BE28-D178-4B16-AEC4-E144803A871E}
	EndGlobalSection
	GlobalSection(ExtensibilityGlobals) = postSolution
		SolutionGuid = {ED27D3CD-4261-418B-BC4D-1F33D285E5C2}
	EndGlobalSection
EndGlobal
