
Microsoft Visual Studio Solution File, Format Version 12.00
# Visual Studio Version 17
VisualStudioVersion = 17.2.32505.173
MinimumVisualStudioVersion = 10.0.40219.1
Project("{2150E333-8FDC-42A3-9474-1A3956D46DE8}") = "1.Logic", "1.Logic", "{0613F625-9DBA-4F24-8869-5A41F4B57973}"
EndProject
Project("{2150E333-8FDC-42A3-9474-1A3956D46DE8}") = "5.Tests", "5.Tests", "{2C61BE28-D178-4B16-AEC4-E144803A871E}"
EndProject
Project("{2150E333-8FDC-42A3-9474-1A3956D46DE8}") = "6.SampleSolutions", "6.SampleSolutions", "{FC314E9D-E36F-460C-949E-9556D2D3451E}"
EndProject
Project("{9A19103F-16F7-4668-BE54-9A1E7A4F7556}") = "Sample.Core.MSTest.Tests", "tests\Sample.Core.MSTest.Tests\Sample.Core.MSTest.Tests.csproj", "{219A1871-A079-4AE9-BE52-00088B9C5D7A}"
EndProject
Project("{9A19103F-16F7-4668-BE54-9A1E7A4F7556}") = "Frameworks.MSTest", "src\Frameworks.MSTest\Frameworks.MSTest.csproj", "{FB4326A8-C542-416B-9CCF-72026E00868A}"
EndProject
Project("{9A19103F-16F7-4668-BE54-9A1E7A4F7556}") = "Frameworks.MSTest.Tests", "tests\Frameworks.MSTest.Tests\Frameworks.MSTest.Tests.csproj", "{7FFB0F7D-5408-4990-9100-E0DFE4835F01}"
EndProject
Project("{9A19103F-16F7-4668-BE54-9A1E7A4F7556}") = "Frameworks.NUnit", "src\Frameworks.NUnit\Frameworks.NUnit.csproj", "{B7B91F0A-B06A-48B5-96BF-8E55312B9CCE}"
EndProject
Project("{9A19103F-16F7-4668-BE54-9A1E7A4F7556}") = "Sample.Core.NUnit.Tests", "tests\Sample.Core.NUnit.Tests\Sample.Core.NUnit.Tests.csproj", "{720FB59B-288C-4809-BAC7-E839D87190FA}"
EndProject
Project("{2150E333-8FDC-42A3-9474-1A3956D46DE8}") = "2.Frameworks", "2.Frameworks", "{CDC9E680-83AA-4670-AF5D-FD3504EEADB0}"
EndProject
Project("{9A19103F-16F7-4668-BE54-9A1E7A4F7556}") = "Sample.Core.MSTest.Nuget.Tests", "tests\Sample.Core.MSTest.Nuget.Tests\Sample.Core.MSTest.Nuget.Tests.csproj", "{F21804F3-CC3A-4F18-9EBE-D947D40193D0}"
EndProject
Project("{2150E333-8FDC-42A3-9474-1A3956D46DE8}") = "2.Databases", "2.Databases", "{414B269E-6A51-4800-B92B-0271C8139441}"
EndProject
Project("{9A19103F-16F7-4668-BE54-9A1E7A4F7556}") = "Databases.SQLServer", "src\Databases.SQLServer\Databases.SQLServer.csproj", "{0252E888-A388-4BFC-895C-34A0F614E0ED}"
EndProject
Project("{9A19103F-16F7-4668-BE54-9A1E7A4F7556}") = "Core", "src\Core\Core.csproj", "{954838CF-436B-4BD9-906B-8B93772ACBA6}"
EndProject
Project("{9A19103F-16F7-4668-BE54-9A1E7A4F7556}") = "Core.Tests", "tests\Core.Tests\Core.Tests.csproj", "{D323A111-C3F9-4C06-9585-76DB8F7DA8CE}"
EndProject
Project("{9A19103F-16F7-4668-BE54-9A1E7A4F7556}") = "Databases.SQLServer.Tests", "tests\Databases.SQLServer.Tests\Databases.SQLServer.Tests.csproj", "{D4E0674D-AFC5-4CA7-9321-F29AFADB6626}"
EndProject
Project("{2150E333-8FDC-42A3-9474-1A3956D46DE8}") = "3.Packages", "3.Packages", "{2638F6A0-CC65-46E8-8FD6-0E50ECF6242C}"
EndProject
Project("{9A19103F-16F7-4668-BE54-9A1E7A4F7556}") = "Packages.SQLServer.MSTest", "src\Packages.SQLServer.MSTest\Packages.SQLServer.MSTest.csproj", "{E71810C3-A47F-4BDD-A73D-CCC930345038}"
EndProject
Project("{9A19103F-16F7-4668-BE54-9A1E7A4F7556}") = "Packages.SQLServer.NUnit", "src\Packages.SQLServer.NUnit\Packages.SQLServer.NUnit.csproj", "{B6C38BFC-8B07-462B-A94D-45EE299A4E8D}"
EndProject
Project("{2150E333-8FDC-42A3-9474-1A3956D46DE8}") = "0.Tools", "0.Tools", "{068FCD6B-9DA6-4AEB-93E8-B019867278EE}"
EndProject
Project("{9A19103F-16F7-4668-BE54-9A1E7A4F7556}") = "TemplateGeneration", "tools\TemplateGeneration.SQLServer\TemplateGeneration.csproj", "{5FC9A8DE-85E4-455F-9DB3-97BC00937A2E}"
EndProject
Project("{9A19103F-16F7-4668-BE54-9A1E7A4F7556}") = "Sample.MSTest.Northwind.Tests", "tests\Sample.MSTest.Northwind.Tests\Sample.MSTest.Northwind.Tests.csproj", "{C0982F5D-57A2-49DD-B19D-0BE690BF80B3}"
EndProject
Project("{9A19103F-16F7-4668-BE54-9A1E7A4F7556}") = "Sample.NUnit.Northwind.Tests", "tests\Sample.NUnit.Northwind.Tests\Sample.NUnit.Northwind.Tests.csproj", "{E2C004ED-60B9-4C3A-BCD5-2ACD19FEB0BE}"
EndProject
Project("{9A19103F-16F7-4668-BE54-9A1E7A4F7556}") = "TemplateGeneration.Tests", "tests\TemplateGeneration.Tests\TemplateGeneration.Tests.csproj", "{D3118EF1-A158-40B2-9D55-80A68BE7C8EA}"
EndProject
Project("{9A19103F-16F7-4668-BE54-9A1E7A4F7556}") = "Sample.Northwind.MSTest.Tests", "tests\Sample.Northwind.MSTest.Tests\Sample.Northwind.MSTest.Tests.csproj", "{941521B6-2EC9-4BFE-9A17-3323DC42CA02}"
EndProject
Project("{2150E333-8FDC-42A3-9474-1A3956D46DE8}") = "2.ProjectTests", "2.ProjectTests", "{6E32C571-92E7-46D1-B37B-88D1DC8362A3}"
EndProject
Project("{2150E333-8FDC-42A3-9474-1A3956D46DE8}") = "3.NuGetTests", "3.NuGetTests", "{0C38EDBB-D1F5-4266-A8BE-BC9378E216E8}"
EndProject
Project("{2150E333-8FDC-42A3-9474-1A3956D46DE8}") = "4.Templates", "4.Templates", "{3992A9CE-DE7E-4F8D-9B9C-2A078095C722}"
EndProject
Project("{9A19103F-16F7-4668-BE54-9A1E7A4F7556}") = "Templates.SQLServer.MSTest", "templates\Templates.SQLServer.MSTest\Templates.SQLServer.MSTest.csproj", "{BD1843C0-D230-4A84-AA7C-7C4B71D2BEB6}"
EndProject
Project("{9A19103F-16F7-4668-BE54-9A1E7A4F7556}") = "Templates.SQLServer.NUnit", "templates\Templates.SQLServer.NUnit\Templates.SQLServer.NUnit.csproj", "{46E6E065-8BAC-4598-9932-1B5D9573B31A}"
EndProject
Project("{2150E333-8FDC-42A3-9474-1A3956D46DE8}") = "1.Databases", "1.Databases", "{4BD42497-978E-48C1-8664-75A7F30C91BE}"
EndProject
Project("{2150E333-8FDC-42A3-9474-1A3956D46DE8}") = "0.Settings", "0.Settings", "{3F5817BB-0FEC-4D18-8FB9-8270215DCD47}"
	ProjectSection(SolutionItems) = preProject
		tests\Settings\local.runsettings = tests\Settings\local.runsettings
		tests\Settings\MySQL8.0.0.runsettings = tests\Settings\MySQL8.0.0.runsettings
		tests\Settings\SQL2017.runsettings = tests\Settings\SQL2017.runsettings
		tests\Settings\SQL2019.runsettings = tests\Settings\SQL2019.runsettings
	EndProjectSection
EndProject
Project("{9A19103F-16F7-4668-BE54-9A1E7A4F7556}") = "Databases.MySQL", "src\Databases.MySQL\Databases.MySQL.csproj", "{F518EA6B-0F13-4AD0-A4AE-0865DD58128C}"
EndProject
Project("{2150E333-8FDC-42A3-9474-1A3956D46DE8}") = "SQLServer", "SQLServer", "{A2E279D3-B196-4D4F-8EBD-1A3F0FD9DB24}"
EndProject
Project("{2150E333-8FDC-42A3-9474-1A3956D46DE8}") = "2014", "2014", "{8C22A3E5-9CA7-45F3-99F8-80E3A0F0D0B5}"
	ProjectSection(SolutionItems) = preProject
		tests\SampleDatabases\SQLServer\2014\northwind_schema_2014_setup.sql = tests\SampleDatabases\SQLServer\2014\northwind_schema_2014_setup.sql
		tests\SampleDatabases\SQLServer\2014\sampledb_schema_2014_setup.sql = tests\SampleDatabases\SQLServer\2014\sampledb_schema_2014_setup.sql
	EndProjectSection
EndProject
Project("{2150E333-8FDC-42A3-9474-1A3956D46DE8}") = "2016", "2016", "{86218D80-4A39-47E7-8E3E-7B31B7D8F67E}"
	ProjectSection(SolutionItems) = preProject
		tests\SampleDatabases\SQLServer\2016\northwind_schema_2016_setup.sql = tests\SampleDatabases\SQLServer\2016\northwind_schema_2016_setup.sql
		tests\SampleDatabases\SQLServer\2016\sampledb_schema_2016_setup.sql = tests\SampleDatabases\SQLServer\2016\sampledb_schema_2016_setup.sql
	EndProjectSection
EndProject
Project("{2150E333-8FDC-42A3-9474-1A3956D46DE8}") = "2017", "2017", "{4FA38614-73F8-4FB7-A08F-4291991CE522}"
	ProjectSection(SolutionItems) = preProject
		tests\SampleDatabases\SQLServer\2017\northwind_schema_2017_setup.sql = tests\SampleDatabases\SQLServer\2017\northwind_schema_2017_setup.sql
		tests\SampleDatabases\SQLServer\2017\sampledb_schema_2017_setup.sql = tests\SampleDatabases\SQLServer\2017\sampledb_schema_2017_setup.sql
	EndProjectSection
EndProject
Project("{2150E333-8FDC-42A3-9474-1A3956D46DE8}") = "2019", "2019", "{F58E78AF-DC4F-4F8E-9CC4-60FE156FE0B4}"
	ProjectSection(SolutionItems) = preProject
		tests\SampleDatabases\SQLServer\2019\northwind_schema_2019_setup.sql = tests\SampleDatabases\SQLServer\2019\northwind_schema_2019_setup.sql
		tests\SampleDatabases\SQLServer\2019\sampledb_schema_2019_setup.sql = tests\SampleDatabases\SQLServer\2019\sampledb_schema_2019_setup.sql
	EndProjectSection
EndProject
Project("{2150E333-8FDC-42A3-9474-1A3956D46DE8}") = "MySQL", "MySQL", "{BE8BE4C3-766B-48C5-AE78-444F32FE8885}"
EndProject
Project("{2150E333-8FDC-42A3-9474-1A3956D46DE8}") = "8.0.0", "8.0.0", "{A0598135-C6A8-4F4B-B698-C806A995CE06}"
	ProjectSection(SolutionItems) = preProject
		tests\SampleDatabases\MySQL\8.0.0\sakila-schema.sql = tests\SampleDatabases\MySQL\8.0.0\sakila-schema.sql
		tests\SampleDatabases\MySQL\8.0.0\sample_schema.sql = tests\SampleDatabases\MySQL\8.0.0\sample_schema.sql
	EndProjectSection
EndProject
Project("{FAE04EC0-301F-11D3-BF4B-00C04F79EFBC}") = "Databases.MySQL.Tests", "tests\Databases.MySQL.Tests\Databases.MySQL.Tests.csproj", "{A6E21A6D-5BEE-429B-8FB6-70291683A97D}"
EndProject
Project("{FAE04EC0-301F-11D3-BF4B-00C04F79EFBC}") = "Packages.MySQL.MSTest", "src\Packages.MySQL.MSTest\Packages.MySQL.MSTest.csproj", "{AEAF2803-6259-4471-84D1-5DD0778E836C}"
EndProject
Project("{FAE04EC0-301F-11D3-BF4B-00C04F79EFBC}") = "Packages.MySQL.NUnit", "src\Packages.MySQL.NUnit\Packages.MySQL.NUnit.csproj", "{285865F2-C6B9-414F-B24A-A257AF4D18F4}"
EndProject
Project("{FAE04EC0-301F-11D3-BF4B-00C04F79EFBC}") = "Templates.MySQL.MSTest", "src\Templates.MySQL.MSTest\Templates.MySQL.MSTest.csproj", "{1FF266A3-3EC4-4D6E-8229-E153D17BB797}"
EndProject
Project("{FAE04EC0-301F-11D3-BF4B-00C04F79EFBC}") = "Templates.MySQL.NUnit", "src\Templates.MySQL.NUnit\Templates.MySQL.NUnit.csproj", "{BF0472BE-C296-4475-BFAF-772167E0A04B}"
EndProject
Project("{FAE04EC0-301F-11D3-BF4B-00C04F79EFBC}") = "Sample.Core.MySQL.MSTest.Tests", "tests\Sample.Core.MySQL.MSTest.Tests\Sample.Core.MySQL.MSTest.Tests.csproj", "{ACE2FBAD-0C91-4772-9262-D6E8B5ADD07C}"
EndProject
Global
	GlobalSection(SolutionConfigurationPlatforms) = preSolution
		Debug|Any CPU = Debug|Any CPU
		Release|Any CPU = Release|Any CPU
	EndGlobalSection
	GlobalSection(ProjectConfigurationPlatforms) = postSolution
		{219A1871-A079-4AE9-BE52-00088B9C5D7A}.Debug|Any CPU.ActiveCfg = Debug|Any CPU
		{219A1871-A079-4AE9-BE52-00088B9C5D7A}.Debug|Any CPU.Build.0 = Debug|Any CPU
		{219A1871-A079-4AE9-BE52-00088B9C5D7A}.Release|Any CPU.ActiveCfg = Release|Any CPU
		{219A1871-A079-4AE9-BE52-00088B9C5D7A}.Release|Any CPU.Build.0 = Release|Any CPU
		{FB4326A8-C542-416B-9CCF-72026E00868A}.Debug|Any CPU.ActiveCfg = Debug|Any CPU
		{FB4326A8-C542-416B-9CCF-72026E00868A}.Debug|Any CPU.Build.0 = Debug|Any CPU
		{FB4326A8-C542-416B-9CCF-72026E00868A}.Release|Any CPU.ActiveCfg = Release|Any CPU
		{FB4326A8-C542-416B-9CCF-72026E00868A}.Release|Any CPU.Build.0 = Release|Any CPU
		{7FFB0F7D-5408-4990-9100-E0DFE4835F01}.Debug|Any CPU.ActiveCfg = Debug|Any CPU
		{7FFB0F7D-5408-4990-9100-E0DFE4835F01}.Debug|Any CPU.Build.0 = Debug|Any CPU
		{7FFB0F7D-5408-4990-9100-E0DFE4835F01}.Release|Any CPU.ActiveCfg = Release|Any CPU
		{7FFB0F7D-5408-4990-9100-E0DFE4835F01}.Release|Any CPU.Build.0 = Release|Any CPU
		{B7B91F0A-B06A-48B5-96BF-8E55312B9CCE}.Debug|Any CPU.ActiveCfg = Debug|Any CPU
		{B7B91F0A-B06A-48B5-96BF-8E55312B9CCE}.Debug|Any CPU.Build.0 = Debug|Any CPU
		{B7B91F0A-B06A-48B5-96BF-8E55312B9CCE}.Release|Any CPU.ActiveCfg = Release|Any CPU
		{B7B91F0A-B06A-48B5-96BF-8E55312B9CCE}.Release|Any CPU.Build.0 = Release|Any CPU
		{720FB59B-288C-4809-BAC7-E839D87190FA}.Debug|Any CPU.ActiveCfg = Debug|Any CPU
		{720FB59B-288C-4809-BAC7-E839D87190FA}.Debug|Any CPU.Build.0 = Debug|Any CPU
		{720FB59B-288C-4809-BAC7-E839D87190FA}.Release|Any CPU.ActiveCfg = Release|Any CPU
		{720FB59B-288C-4809-BAC7-E839D87190FA}.Release|Any CPU.Build.0 = Release|Any CPU
		{F21804F3-CC3A-4F18-9EBE-D947D40193D0}.Debug|Any CPU.ActiveCfg = Debug|Any CPU
		{F21804F3-CC3A-4F18-9EBE-D947D40193D0}.Debug|Any CPU.Build.0 = Debug|Any CPU
		{F21804F3-CC3A-4F18-9EBE-D947D40193D0}.Release|Any CPU.ActiveCfg = Release|Any CPU
		{F21804F3-CC3A-4F18-9EBE-D947D40193D0}.Release|Any CPU.Build.0 = Release|Any CPU
		{0252E888-A388-4BFC-895C-34A0F614E0ED}.Debug|Any CPU.ActiveCfg = Debug|Any CPU
		{0252E888-A388-4BFC-895C-34A0F614E0ED}.Debug|Any CPU.Build.0 = Debug|Any CPU
		{0252E888-A388-4BFC-895C-34A0F614E0ED}.Release|Any CPU.ActiveCfg = Release|Any CPU
		{0252E888-A388-4BFC-895C-34A0F614E0ED}.Release|Any CPU.Build.0 = Release|Any CPU
		{954838CF-436B-4BD9-906B-8B93772ACBA6}.Debug|Any CPU.ActiveCfg = Debug|Any CPU
		{954838CF-436B-4BD9-906B-8B93772ACBA6}.Debug|Any CPU.Build.0 = Debug|Any CPU
		{954838CF-436B-4BD9-906B-8B93772ACBA6}.Release|Any CPU.ActiveCfg = Release|Any CPU
		{954838CF-436B-4BD9-906B-8B93772ACBA6}.Release|Any CPU.Build.0 = Release|Any CPU
		{D323A111-C3F9-4C06-9585-76DB8F7DA8CE}.Debug|Any CPU.ActiveCfg = Debug|Any CPU
		{D323A111-C3F9-4C06-9585-76DB8F7DA8CE}.Debug|Any CPU.Build.0 = Debug|Any CPU
		{D323A111-C3F9-4C06-9585-76DB8F7DA8CE}.Release|Any CPU.ActiveCfg = Release|Any CPU
		{D323A111-C3F9-4C06-9585-76DB8F7DA8CE}.Release|Any CPU.Build.0 = Release|Any CPU
		{D4E0674D-AFC5-4CA7-9321-F29AFADB6626}.Debug|Any CPU.ActiveCfg = Debug|Any CPU
		{D4E0674D-AFC5-4CA7-9321-F29AFADB6626}.Debug|Any CPU.Build.0 = Debug|Any CPU
		{D4E0674D-AFC5-4CA7-9321-F29AFADB6626}.Release|Any CPU.ActiveCfg = Release|Any CPU
		{D4E0674D-AFC5-4CA7-9321-F29AFADB6626}.Release|Any CPU.Build.0 = Release|Any CPU
		{E71810C3-A47F-4BDD-A73D-CCC930345038}.Debug|Any CPU.ActiveCfg = Debug|Any CPU
		{E71810C3-A47F-4BDD-A73D-CCC930345038}.Debug|Any CPU.Build.0 = Debug|Any CPU
		{E71810C3-A47F-4BDD-A73D-CCC930345038}.Release|Any CPU.ActiveCfg = Release|Any CPU
		{E71810C3-A47F-4BDD-A73D-CCC930345038}.Release|Any CPU.Build.0 = Release|Any CPU
		{B6C38BFC-8B07-462B-A94D-45EE299A4E8D}.Debug|Any CPU.ActiveCfg = Debug|Any CPU
		{B6C38BFC-8B07-462B-A94D-45EE299A4E8D}.Debug|Any CPU.Build.0 = Debug|Any CPU
		{B6C38BFC-8B07-462B-A94D-45EE299A4E8D}.Release|Any CPU.ActiveCfg = Release|Any CPU
		{B6C38BFC-8B07-462B-A94D-45EE299A4E8D}.Release|Any CPU.Build.0 = Release|Any CPU
		{5FC9A8DE-85E4-455F-9DB3-97BC00937A2E}.Debug|Any CPU.ActiveCfg = Debug|Any CPU
		{5FC9A8DE-85E4-455F-9DB3-97BC00937A2E}.Debug|Any CPU.Build.0 = Debug|Any CPU
		{5FC9A8DE-85E4-455F-9DB3-97BC00937A2E}.Release|Any CPU.ActiveCfg = Release|Any CPU
		{5FC9A8DE-85E4-455F-9DB3-97BC00937A2E}.Release|Any CPU.Build.0 = Release|Any CPU
		{C0982F5D-57A2-49DD-B19D-0BE690BF80B3}.Debug|Any CPU.ActiveCfg = Debug|Any CPU
		{C0982F5D-57A2-49DD-B19D-0BE690BF80B3}.Debug|Any CPU.Build.0 = Debug|Any CPU
		{C0982F5D-57A2-49DD-B19D-0BE690BF80B3}.Release|Any CPU.ActiveCfg = Release|Any CPU
		{C0982F5D-57A2-49DD-B19D-0BE690BF80B3}.Release|Any CPU.Build.0 = Release|Any CPU
		{E2C004ED-60B9-4C3A-BCD5-2ACD19FEB0BE}.Debug|Any CPU.ActiveCfg = Debug|Any CPU
		{E2C004ED-60B9-4C3A-BCD5-2ACD19FEB0BE}.Debug|Any CPU.Build.0 = Debug|Any CPU
		{E2C004ED-60B9-4C3A-BCD5-2ACD19FEB0BE}.Release|Any CPU.ActiveCfg = Release|Any CPU
		{E2C004ED-60B9-4C3A-BCD5-2ACD19FEB0BE}.Release|Any CPU.Build.0 = Release|Any CPU
		{D3118EF1-A158-40B2-9D55-80A68BE7C8EA}.Debug|Any CPU.ActiveCfg = Debug|Any CPU
		{D3118EF1-A158-40B2-9D55-80A68BE7C8EA}.Debug|Any CPU.Build.0 = Debug|Any CPU
		{D3118EF1-A158-40B2-9D55-80A68BE7C8EA}.Release|Any CPU.ActiveCfg = Release|Any CPU
		{D3118EF1-A158-40B2-9D55-80A68BE7C8EA}.Release|Any CPU.Build.0 = Release|Any CPU
		{941521B6-2EC9-4BFE-9A17-3323DC42CA02}.Debug|Any CPU.ActiveCfg = Debug|Any CPU
		{941521B6-2EC9-4BFE-9A17-3323DC42CA02}.Debug|Any CPU.Build.0 = Debug|Any CPU
		{941521B6-2EC9-4BFE-9A17-3323DC42CA02}.Release|Any CPU.ActiveCfg = Release|Any CPU
		{941521B6-2EC9-4BFE-9A17-3323DC42CA02}.Release|Any CPU.Build.0 = Release|Any CPU
		{BD1843C0-D230-4A84-AA7C-7C4B71D2BEB6}.Debug|Any CPU.ActiveCfg = Debug|Any CPU
		{BD1843C0-D230-4A84-AA7C-7C4B71D2BEB6}.Debug|Any CPU.Build.0 = Debug|Any CPU
		{BD1843C0-D230-4A84-AA7C-7C4B71D2BEB6}.Release|Any CPU.ActiveCfg = Release|Any CPU
		{BD1843C0-D230-4A84-AA7C-7C4B71D2BEB6}.Release|Any CPU.Build.0 = Release|Any CPU
		{46E6E065-8BAC-4598-9932-1B5D9573B31A}.Debug|Any CPU.ActiveCfg = Debug|Any CPU
		{46E6E065-8BAC-4598-9932-1B5D9573B31A}.Debug|Any CPU.Build.0 = Debug|Any CPU
		{46E6E065-8BAC-4598-9932-1B5D9573B31A}.Release|Any CPU.ActiveCfg = Release|Any CPU
		{46E6E065-8BAC-4598-9932-1B5D9573B31A}.Release|Any CPU.Build.0 = Release|Any CPU
		{F518EA6B-0F13-4AD0-A4AE-0865DD58128C}.Debug|Any CPU.ActiveCfg = Debug|Any CPU
		{F518EA6B-0F13-4AD0-A4AE-0865DD58128C}.Debug|Any CPU.Build.0 = Debug|Any CPU
		{F518EA6B-0F13-4AD0-A4AE-0865DD58128C}.Release|Any CPU.ActiveCfg = Release|Any CPU
		{F518EA6B-0F13-4AD0-A4AE-0865DD58128C}.Release|Any CPU.Build.0 = Release|Any CPU
		{A6E21A6D-5BEE-429B-8FB6-70291683A97D}.Debug|Any CPU.ActiveCfg = Debug|Any CPU
		{A6E21A6D-5BEE-429B-8FB6-70291683A97D}.Debug|Any CPU.Build.0 = Debug|Any CPU
		{A6E21A6D-5BEE-429B-8FB6-70291683A97D}.Release|Any CPU.ActiveCfg = Release|Any CPU
		{A6E21A6D-5BEE-429B-8FB6-70291683A97D}.Release|Any CPU.Build.0 = Release|Any CPU
		{AEAF2803-6259-4471-84D1-5DD0778E836C}.Debug|Any CPU.ActiveCfg = Debug|Any CPU
		{AEAF2803-6259-4471-84D1-5DD0778E836C}.Debug|Any CPU.Build.0 = Debug|Any CPU
		{AEAF2803-6259-4471-84D1-5DD0778E836C}.Release|Any CPU.ActiveCfg = Release|Any CPU
		{AEAF2803-6259-4471-84D1-5DD0778E836C}.Release|Any CPU.Build.0 = Release|Any CPU
		{285865F2-C6B9-414F-B24A-A257AF4D18F4}.Debug|Any CPU.ActiveCfg = Debug|Any CPU
		{285865F2-C6B9-414F-B24A-A257AF4D18F4}.Debug|Any CPU.Build.0 = Debug|Any CPU
		{285865F2-C6B9-414F-B24A-A257AF4D18F4}.Release|Any CPU.ActiveCfg = Release|Any CPU
		{285865F2-C6B9-414F-B24A-A257AF4D18F4}.Release|Any CPU.Build.0 = Release|Any CPU
		{1FF266A3-3EC4-4D6E-8229-E153D17BB797}.Debug|Any CPU.ActiveCfg = Debug|Any CPU
		{1FF266A3-3EC4-4D6E-8229-E153D17BB797}.Debug|Any CPU.Build.0 = Debug|Any CPU
		{1FF266A3-3EC4-4D6E-8229-E153D17BB797}.Release|Any CPU.ActiveCfg = Release|Any CPU
		{1FF266A3-3EC4-4D6E-8229-E153D17BB797}.Release|Any CPU.Build.0 = Release|Any CPU
		{BF0472BE-C296-4475-BFAF-772167E0A04B}.Debug|Any CPU.ActiveCfg = Debug|Any CPU
		{BF0472BE-C296-4475-BFAF-772167E0A04B}.Debug|Any CPU.Build.0 = Debug|Any CPU
		{BF0472BE-C296-4475-BFAF-772167E0A04B}.Release|Any CPU.ActiveCfg = Release|Any CPU
		{BF0472BE-C296-4475-BFAF-772167E0A04B}.Release|Any CPU.Build.0 = Release|Any CPU
		{ACE2FBAD-0C91-4772-9262-D6E8B5ADD07C}.Debug|Any CPU.ActiveCfg = Debug|Any CPU
		{ACE2FBAD-0C91-4772-9262-D6E8B5ADD07C}.Debug|Any CPU.Build.0 = Debug|Any CPU
		{ACE2FBAD-0C91-4772-9262-D6E8B5ADD07C}.Release|Any CPU.ActiveCfg = Release|Any CPU
		{ACE2FBAD-0C91-4772-9262-D6E8B5ADD07C}.Release|Any CPU.Build.0 = Release|Any CPU
	EndGlobalSection
	GlobalSection(SolutionProperties) = preSolution
		HideSolutionNode = FALSE
	EndGlobalSection
	GlobalSection(NestedProjects) = preSolution
		{219A1871-A079-4AE9-BE52-00088B9C5D7A} = {6E32C571-92E7-46D1-B37B-88D1DC8362A3}
		{FB4326A8-C542-416B-9CCF-72026E00868A} = {CDC9E680-83AA-4670-AF5D-FD3504EEADB0}
		{7FFB0F7D-5408-4990-9100-E0DFE4835F01} = {2C61BE28-D178-4B16-AEC4-E144803A871E}
		{B7B91F0A-B06A-48B5-96BF-8E55312B9CCE} = {CDC9E680-83AA-4670-AF5D-FD3504EEADB0}
		{720FB59B-288C-4809-BAC7-E839D87190FA} = {6E32C571-92E7-46D1-B37B-88D1DC8362A3}
		{F21804F3-CC3A-4F18-9EBE-D947D40193D0} = {0C38EDBB-D1F5-4266-A8BE-BC9378E216E8}
		{0252E888-A388-4BFC-895C-34A0F614E0ED} = {414B269E-6A51-4800-B92B-0271C8139441}
		{954838CF-436B-4BD9-906B-8B93772ACBA6} = {0613F625-9DBA-4F24-8869-5A41F4B57973}
		{D323A111-C3F9-4C06-9585-76DB8F7DA8CE} = {2C61BE28-D178-4B16-AEC4-E144803A871E}
		{D4E0674D-AFC5-4CA7-9321-F29AFADB6626} = {2C61BE28-D178-4B16-AEC4-E144803A871E}
		{E71810C3-A47F-4BDD-A73D-CCC930345038} = {2638F6A0-CC65-46E8-8FD6-0E50ECF6242C}
		{B6C38BFC-8B07-462B-A94D-45EE299A4E8D} = {2638F6A0-CC65-46E8-8FD6-0E50ECF6242C}
		{5FC9A8DE-85E4-455F-9DB3-97BC00937A2E} = {068FCD6B-9DA6-4AEB-93E8-B019867278EE}
		{C0982F5D-57A2-49DD-B19D-0BE690BF80B3} = {0C38EDBB-D1F5-4266-A8BE-BC9378E216E8}
		{E2C004ED-60B9-4C3A-BCD5-2ACD19FEB0BE} = {0C38EDBB-D1F5-4266-A8BE-BC9378E216E8}
		{D3118EF1-A158-40B2-9D55-80A68BE7C8EA} = {2C61BE28-D178-4B16-AEC4-E144803A871E}
		{941521B6-2EC9-4BFE-9A17-3323DC42CA02} = {6E32C571-92E7-46D1-B37B-88D1DC8362A3}
		{6E32C571-92E7-46D1-B37B-88D1DC8362A3} = {FC314E9D-E36F-460C-949E-9556D2D3451E}
		{0C38EDBB-D1F5-4266-A8BE-BC9378E216E8} = {FC314E9D-E36F-460C-949E-9556D2D3451E}
		{BD1843C0-D230-4A84-AA7C-7C4B71D2BEB6} = {3992A9CE-DE7E-4F8D-9B9C-2A078095C722}
		{46E6E065-8BAC-4598-9932-1B5D9573B31A} = {3992A9CE-DE7E-4F8D-9B9C-2A078095C722}
		{4BD42497-978E-48C1-8664-75A7F30C91BE} = {FC314E9D-E36F-460C-949E-9556D2D3451E}
		{3F5817BB-0FEC-4D18-8FB9-8270215DCD47} = {FC314E9D-E36F-460C-949E-9556D2D3451E}
		{F518EA6B-0F13-4AD0-A4AE-0865DD58128C} = {414B269E-6A51-4800-B92B-0271C8139441}
		{A2E279D3-B196-4D4F-8EBD-1A3F0FD9DB24} = {4BD42497-978E-48C1-8664-75A7F30C91BE}
		{8C22A3E5-9CA7-45F3-99F8-80E3A0F0D0B5} = {A2E279D3-B196-4D4F-8EBD-1A3F0FD9DB24}
		{86218D80-4A39-47E7-8E3E-7B31B7D8F67E} = {A2E279D3-B196-4D4F-8EBD-1A3F0FD9DB24}
		{4FA38614-73F8-4FB7-A08F-4291991CE522} = {A2E279D3-B196-4D4F-8EBD-1A3F0FD9DB24}
		{F58E78AF-DC4F-4F8E-9CC4-60FE156FE0B4} = {A2E279D3-B196-4D4F-8EBD-1A3F0FD9DB24}
		{BE8BE4C3-766B-48C5-AE78-444F32FE8885} = {4BD42497-978E-48C1-8664-75A7F30C91BE}
		{A0598135-C6A8-4F4B-B698-C806A995CE06} = {BE8BE4C3-766B-48C5-AE78-444F32FE8885}
		{A6E21A6D-5BEE-429B-8FB6-70291683A97D} = {2C61BE28-D178-4B16-AEC4-E144803A871E}
		{AEAF2803-6259-4471-84D1-5DD0778E836C} = {2638F6A0-CC65-46E8-8FD6-0E50ECF6242C}
		{285865F2-C6B9-414F-B24A-A257AF4D18F4} = {2638F6A0-CC65-46E8-8FD6-0E50ECF6242C}
		{1FF266A3-3EC4-4D6E-8229-E153D17BB797} = {3992A9CE-DE7E-4F8D-9B9C-2A078095C722}
		{BF0472BE-C296-4475-BFAF-772167E0A04B} = {3992A9CE-DE7E-4F8D-9B9C-2A078095C722}
		{ACE2FBAD-0C91-4772-9262-D6E8B5ADD07C} = {6E32C571-92E7-46D1-B37B-88D1DC8362A3}
	EndGlobalSection
	GlobalSection(ExtensibilityGlobals) = postSolution
		SolutionGuid = {ED27D3CD-4261-418B-BC4D-1F33D285E5C2}
	EndGlobalSection
EndGlobal
