
Microsoft Visual Studio Solution File, Format Version 12.00
# Visual Studio Version 16
VisualStudioVersion = 16.0.30523.141
MinimumVisualStudioVersion = 10.0.40219.1
Project("{FAE04EC0-301F-11D3-BF4B-00C04F79EFBC}") = "TemplateGeneration.SQLServer", "TemplateGeneration.SQLServer\TemplateGeneration.SQLServer.csproj", "{EB6C7D42-4691-40EB-AE5A-22633904CC96}"
EndProject
Global
	GlobalSection(SolutionConfigurationPlatforms) = preSolution
		Debug|Any CPU = Debug|Any CPU
		Release|Any CPU = Release|Any CPU
	EndGlobalSection
	GlobalSection(ProjectConfigurationPlatforms) = postSolution
		{EB6C7D42-4691-40EB-AE5A-22633904CC96}.Debug|Any CPU.ActiveCfg = Debug|Any CPU
		{EB6C7D42-4691-40EB-AE5A-22633904CC96}.Debug|Any CPU.Build.0 = Debug|Any CPU
		{EB6C7D42-4691-40EB-AE5A-22633904CC96}.Release|Any CPU.ActiveCfg = Release|Any CPU
		{EB6C7D42-4691-40EB-AE5A-22633904CC96}.Release|Any CPU.Build.0 = Release|Any CPU
	EndGlobalSection
	GlobalSection(SolutionProperties) = preSolution
		HideSolutionNode = FALSE
	EndGlobalSection
	GlobalSection(ExtensibilityGlobals) = postSolution
		SolutionGuid = {658CA9AF-66E3-4712-A4AD-37B22BE55AA1}
	EndGlobalSection
EndGlobal
